
Microsoft Visual Studio Solution File, Format Version 12.00
# Visual Studio Version 17
VisualStudioVersion = 17.3.32929.385
MinimumVisualStudioVersion = 10.0.40219.1
Project("{8BC9CEB8-8B4A-11D0-8D11-00A0C91BC942}") = "Mile.Helpers.Static", "Mile.Helpers\Mile.Helpers.Static.vcxproj", "{3E4924DB-1017-4027-BC60-A7CCAE00A39F}"
EndProject
Global
	GlobalSection(SolutionConfigurationPlatforms) = preSolution
		Debug|ARM64 = Debug|ARM64
		Debug|x64 = Debug|x64
		Debug|x86 = Debug|x86
		Release|ARM64 = Release|ARM64
		Release|x64 = Release|x64
		Release|x86 = Release|x86
	EndGlobalSection
	GlobalSection(ProjectConfigurationPlatforms) = postSolution
		{3E4924DB-1017-4027-BC60-A7CCAE00A39F}.Debug|ARM64.ActiveCfg = Debug|ARM64
		{3E4924DB-1017-4027-BC60-A7CCAE00A39F}.Debug|ARM64.Build.0 = Debug|ARM64
		{3E4924DB-1017-4027-BC60-A7CCAE00A39F}.Debug|x64.ActiveCfg = Debug|x64
		{3E4924DB-1017-4027-BC60-A7CCAE00A39F}.Debug|x64.Build.0 = Debug|x64
		{3E4924DB-1017-4027-BC60-A7CCAE00A39F}.Debug|x86.ActiveCfg = Debug|Win32
		{3E4924DB-1017-4027-BC60-A7CCAE00A39F}.Debug|x86.Build.0 = Debug|Win32
		{3E4924DB-1017-4027-BC60-A7CCAE00A39F}.Release|ARM64.ActiveCfg = Release|ARM64
		{3E4924DB-1017-4027-BC60-A7CCAE00A39F}.Release|ARM64.Build.0 = Release|ARM64
		{3E4924DB-1017-4027-BC60-A7CCAE00A39F}.Release|x64.ActiveCfg = Release|x64
		{3E4924DB-1017-4027-BC60-A7CCAE00A39F}.Release|x64.Build.0 = Release|x64
		{3E4924DB-1017-4027-BC60-A7CCAE00A39F}.Release|x86.ActiveCfg = Release|Win32
		{3E4924DB-1017-4027-BC60-A7CCAE00A39F}.Release|x86.Build.0 = Release|Win32
	EndGlobalSection
	GlobalSection(SolutionProperties) = preSolution
		HideSolutionNode = FALSE
	EndGlobalSection
	GlobalSection(ExtensibilityGlobals) = postSolution
		SolutionGuid = {C01512FC-D08D-49B8-9D52-FDD92361B9FD}
	EndGlobalSection
EndGlobal
